// !$*UTF8*$!
{
	archiveVersion = 1;
	classes = {
	};
	objectVersion = 51;
	objects = {

/* Begin PBXBuildFile section */
		2EF3E23724EA578F003DBF71 /* AppDelegate.swift in Sources */ = {isa = PBXBuildFile; fileRef = 2EF3E23624EA578F003DBF71 /* AppDelegate.swift */; };
		2EF3E23924EA578F003DBF71 /* SceneDelegate.swift in Sources */ = {isa = PBXBuildFile; fileRef = 2EF3E23824EA578F003DBF71 /* SceneDelegate.swift */; };
		2EF3E23B24EA578F003DBF71 /* ViewController.swift in Sources */ = {isa = PBXBuildFile; fileRef = 2EF3E23A24EA578F003DBF71 /* ViewController.swift */; };
		2EF3E23E24EA578F003DBF71 /* Main.storyboard in Resources */ = {isa = PBXBuildFile; fileRef = 2EF3E23C24EA578F003DBF71 /* Main.storyboard */; };
		2EF3E24024EA5790003DBF71 /* Assets.xcassets in Resources */ = {isa = PBXBuildFile; fileRef = 2EF3E23F24EA5790003DBF71 /* Assets.xcassets */; };
		2EF3E24324EA5790003DBF71 /* LaunchScreen.storyboard in Resources */ = {isa = PBXBuildFile; fileRef = 2EF3E24124EA5790003DBF71 /* LaunchScreen.storyboard */; };
		2EF3E25424EA57F5003DBF71 /* HomeController.swift in Sources */ = {isa = PBXBuildFile; fileRef = 2EF3E25324EA57F5003DBF71 /* HomeController.swift */; };
		2EF3E25624EA57FD003DBF71 /* LoginController.swift in Sources */ = {isa = PBXBuildFile; fileRef = 2EF3E25524EA57FD003DBF71 /* LoginController.swift */; };
		2EF3E25824EA591B003DBF71 /* Extensions.swift in Sources */ = {isa = PBXBuildFile; fileRef = 2EF3E25724EA591B003DBF71 /* Extensions.swift */; };
		2EF3E25A24EA5CED003DBF71 /* CustomTextField.swift in Sources */ = {isa = PBXBuildFile; fileRef = 2EF3E25924EA5CED003DBF71 /* CustomTextField.swift */; };
		2EF3E25C24EA5DF5003DBF71 /* AuthButton.swift in Sources */ = {isa = PBXBuildFile; fileRef = 2EF3E25B24EA5DF5003DBF71 /* AuthButton.swift */; };
		2EF3E25E24EA6BE9003DBF71 /* DividerView.swift in Sources */ = {isa = PBXBuildFile; fileRef = 2EF3E25D24EA6BE9003DBF71 /* DividerView.swift */; };
		2EF3E26024EA81FA003DBF71 /* RegistrationController.swift in Sources */ = {isa = PBXBuildFile; fileRef = 2EF3E25F24EA81FA003DBF71 /* RegistrationController.swift */; };
		A2C91A0F3BBCDE1805B86448 /* Pods_LoginSignupFirebase.framework in Frameworks */ = {isa = PBXBuildFile; fileRef = FC7EE74D1DE13B18BCE78B58 /* Pods_LoginSignupFirebase.framework */; };
/* End PBXBuildFile section */

/* Begin PBXFileReference section */
		2EF3E23324EA578F003DBF71 /* LoginSignupFirebase.app */ = {isa = PBXFileReference; explicitFileType = wrapper.application; includeInIndex = 0; path = LoginSignupFirebase.app; sourceTree = BUILT_PRODUCTS_DIR; };
		2EF3E23624EA578F003DBF71 /* AppDelegate.swift */ = {isa = PBXFileReference; lastKnownFileType = sourcecode.swift; path = AppDelegate.swift; sourceTree = "<group>"; };
		2EF3E23824EA578F003DBF71 /* SceneDelegate.swift */ = {isa = PBXFileReference; lastKnownFileType = sourcecode.swift; path = SceneDelegate.swift; sourceTree = "<group>"; };
		2EF3E23A24EA578F003DBF71 /* ViewController.swift */ = {isa = PBXFileReference; lastKnownFileType = sourcecode.swift; path = ViewController.swift; sourceTree = "<group>"; };
		2EF3E23D24EA578F003DBF71 /* Base */ = {isa = PBXFileReference; lastKnownFileType = file.storyboard; name = Base; path = Base.lproj/Main.storyboard; sourceTree = "<group>"; };
		2EF3E23F24EA5790003DBF71 /* Assets.xcassets */ = {isa = PBXFileReference; lastKnownFileType = folder.assetcatalog; path = Assets.xcassets; sourceTree = "<group>"; };
		2EF3E24224EA5790003DBF71 /* Base */ = {isa = PBXFileReference; lastKnownFileType = file.storyboard; name = Base; path = Base.lproj/LaunchScreen.storyboard; sourceTree = "<group>"; };
		2EF3E24424EA5790003DBF71 /* Info.plist */ = {isa = PBXFileReference; lastKnownFileType = text.plist.xml; path = Info.plist; sourceTree = "<group>"; };
		2EF3E25324EA57F5003DBF71 /* HomeController.swift */ = {isa = PBXFileReference; lastKnownFileType = sourcecode.swift; path = HomeController.swift; sourceTree = "<group>"; };
		2EF3E25524EA57FD003DBF71 /* LoginController.swift */ = {isa = PBXFileReference; lastKnownFileType = sourcecode.swift; path = LoginController.swift; sourceTree = "<group>"; };
		2EF3E25724EA591B003DBF71 /* Extensions.swift */ = {isa = PBXFileReference; lastKnownFileType = sourcecode.swift; path = Extensions.swift; sourceTree = "<group>"; };
		2EF3E25924EA5CED003DBF71 /* CustomTextField.swift */ = {isa = PBXFileReference; lastKnownFileType = sourcecode.swift; path = CustomTextField.swift; sourceTree = "<group>"; };
		2EF3E25B24EA5DF5003DBF71 /* AuthButton.swift */ = {isa = PBXFileReference; lastKnownFileType = sourcecode.swift; path = AuthButton.swift; sourceTree = "<group>"; };
		2EF3E25D24EA6BE9003DBF71 /* DividerView.swift */ = {isa = PBXFileReference; lastKnownFileType = sourcecode.swift; path = DividerView.swift; sourceTree = "<group>"; };
		2EF3E25F24EA81FA003DBF71 /* RegistrationController.swift */ = {isa = PBXFileReference; lastKnownFileType = sourcecode.swift; path = RegistrationController.swift; sourceTree = "<group>"; };
		96546C5264327F0D38F94881 /* Pods-LoginSignupFirebase.debug.xcconfig */ = {isa = PBXFileReference; includeInIndex = 1; lastKnownFileType = text.xcconfig; name = "Pods-LoginSignupFirebase.debug.xcconfig"; path = "Target Support Files/Pods-LoginSignupFirebase/Pods-LoginSignupFirebase.debug.xcconfig"; sourceTree = "<group>"; };
		F233995E752744F4351F49DC /* Pods-LoginSignupFirebase.release.xcconfig */ = {isa = PBXFileReference; includeInIndex = 1; lastKnownFileType = text.xcconfig; name = "Pods-LoginSignupFirebase.release.xcconfig"; path = "Target Support Files/Pods-LoginSignupFirebase/Pods-LoginSignupFirebase.release.xcconfig"; sourceTree = "<group>"; };
		FC7EE74D1DE13B18BCE78B58 /* Pods_LoginSignupFirebase.framework */ = {isa = PBXFileReference; explicitFileType = wrapper.framework; includeInIndex = 0; path = Pods_LoginSignupFirebase.framework; sourceTree = BUILT_PRODUCTS_DIR; };
/* End PBXFileReference section */

/* Begin PBXFrameworksBuildPhase section */
		2EF3E23024EA578F003DBF71 /* Frameworks */ = {
			isa = PBXFrameworksBuildPhase;
			buildActionMask = 2147483647;
			files = (
				A2C91A0F3BBCDE1805B86448 /* Pods_LoginSignupFirebase.framework in Frameworks */,
			);
			runOnlyForDeploymentPostprocessing = 0;
		};
/* End PBXFrameworksBuildPhase section */

/* Begin PBXGroup section */
		2EF3E22A24EA578F003DBF71 = {
			isa = PBXGroup;
			children = (
				2EF3E23524EA578F003DBF71 /* LoginSignupFirebase */,
				2EF3E23424EA578F003DBF71 /* Products */,
				CE0D5A96512E8A3C91FE2CEF /* Pods */,
				78CF7FC2ED04882C7E421B0F /* Frameworks */,
			);
			sourceTree = "<group>";
		};
		2EF3E23424EA578F003DBF71 /* Products */ = {
			isa = PBXGroup;
			children = (
				2EF3E23324EA578F003DBF71 /* LoginSignupFirebase.app */,
			);
			name = Products;
			sourceTree = "<group>";
		};
		2EF3E23524EA578F003DBF71 /* LoginSignupFirebase */ = {
			isa = PBXGroup;
			children = (
				2EF3E25224EA57DC003DBF71 /* Utils */,
				2EF3E25124EA57C1003DBF71 /* Model */,
				2EF3E25024EA57C0003DBF71 /* View */,
				2EF3E24F24EA57BE003DBF71 /* ViewModel */,
				2EF3E24C24EA57B5003DBF71 /* Controller */,
				2EF3E24A24EA57A5003DBF71 /* API */,
				2EF3E23624EA578F003DBF71 /* AppDelegate.swift */,
				2EF3E23824EA578F003DBF71 /* SceneDelegate.swift */,
				2EF3E23A24EA578F003DBF71 /* ViewController.swift */,
				2EF3E23C24EA578F003DBF71 /* Main.storyboard */,
				2EF3E23F24EA5790003DBF71 /* Assets.xcassets */,
				2EF3E24124EA5790003DBF71 /* LaunchScreen.storyboard */,
				2EF3E24424EA5790003DBF71 /* Info.plist */,
			);
			path = LoginSignupFirebase;
			sourceTree = "<group>";
		};
		2EF3E24A24EA57A5003DBF71 /* API */ = {
			isa = PBXGroup;
			children = (
			);
			path = API;
			sourceTree = "<group>";
		};
		2EF3E24C24EA57B5003DBF71 /* Controller */ = {
			isa = PBXGroup;
			children = (
				2EF3E25324EA57F5003DBF71 /* HomeController.swift */,
				2EF3E25524EA57FD003DBF71 /* LoginController.swift */,
				2EF3E25F24EA81FA003DBF71 /* RegistrationController.swift */,
			);
			path = Controller;
			sourceTree = "<group>";
		};
		2EF3E24F24EA57BE003DBF71 /* ViewModel */ = {
			isa = PBXGroup;
			children = (
			);
			path = ViewModel;
			sourceTree = "<group>";
		};
		2EF3E25024EA57C0003DBF71 /* View */ = {
			isa = PBXGroup;
			children = (
				2EF3E25924EA5CED003DBF71 /* CustomTextField.swift */,
				2EF3E25B24EA5DF5003DBF71 /* AuthButton.swift */,
				2EF3E25D24EA6BE9003DBF71 /* DividerView.swift */,
			);
			path = View;
			sourceTree = "<group>";
		};
		2EF3E25124EA57C1003DBF71 /* Model */ = {
			isa = PBXGroup;
			children = (
			);
			path = Model;
			sourceTree = "<group>";
		};
		2EF3E25224EA57DC003DBF71 /* Utils */ = {
			isa = PBXGroup;
			children = (
				2EF3E25724EA591B003DBF71 /* Extensions.swift */,
			);
			path = Utils;
			sourceTree = "<group>";
		};
		78CF7FC2ED04882C7E421B0F /* Frameworks */ = {
			isa = PBXGroup;
			children = (
				FC7EE74D1DE13B18BCE78B58 /* Pods_LoginSignupFirebase.framework */,
			);
			name = Frameworks;
			sourceTree = "<group>";
		};
		CE0D5A96512E8A3C91FE2CEF /* Pods */ = {
			isa = PBXGroup;
			children = (
				96546C5264327F0D38F94881 /* Pods-LoginSignupFirebase.debug.xcconfig */,
				F233995E752744F4351F49DC /* Pods-LoginSignupFirebase.release.xcconfig */,
			);
			path = Pods;
			sourceTree = "<group>";
		};
/* End PBXGroup section */

/* Begin PBXNativeTarget section */
		2EF3E23224EA578F003DBF71 /* LoginSignupFirebase */ = {
			isa = PBXNativeTarget;
			buildConfigurationList = 2EF3E24724EA5790003DBF71 /* Build configuration list for PBXNativeTarget "LoginSignupFirebase" */;
			buildPhases = (
				8ABBB3CBF085E2127DF708C4 /* [CP] Check Pods Manifest.lock */,
				2EF3E22F24EA578F003DBF71 /* Sources */,
				2EF3E23024EA578F003DBF71 /* Frameworks */,
				2EF3E23124EA578F003DBF71 /* Resources */,
				5C481ABB8698733D1D46127A /* [CP] Embed Pods Frameworks */,
			);
			buildRules = (
			);
			dependencies = (
			);
			name = LoginSignupFirebase;
			productName = LoginSignupFirebase;
			productReference = 2EF3E23324EA578F003DBF71 /* LoginSignupFirebase.app */;
			productType = "com.apple.product-type.application";
		};
/* End PBXNativeTarget section */

/* Begin PBXProject section */
		2EF3E22B24EA578F003DBF71 /* Project object */ = {
			isa = PBXProject;
			attributes = {
				LastSwiftUpdateCheck = 1160;
				LastUpgradeCheck = 1160;
				ORGANIZATIONNAME = "Burak Tunç";
				TargetAttributes = {
					2EF3E23224EA578F003DBF71 = {
						CreatedOnToolsVersion = 11.6;
					};
				};
			};
			buildConfigurationList = 2EF3E22E24EA578F003DBF71 /* Build configuration list for PBXProject "LoginSignupFirebase" */;
			compatibilityVersion = "Xcode 9.3";
			developmentRegion = en;
			hasScannedForEncodings = 0;
			knownRegions = (
				en,
				Base,
			);
			mainGroup = 2EF3E22A24EA578F003DBF71;
			productRefGroup = 2EF3E23424EA578F003DBF71 /* Products */;
			projectDirPath = "";
			projectRoot = "";
			targets = (
				2EF3E23224EA578F003DBF71 /* LoginSignupFirebase */,
			);
		};
/* End PBXProject section */

/* Begin PBXResourcesBuildPhase section */
		2EF3E23124EA578F003DBF71 /* Resources */ = {
			isa = PBXResourcesBuildPhase;
			buildActionMask = 2147483647;
			files = (
				2EF3E24324EA5790003DBF71 /* LaunchScreen.storyboard in Resources */,
				2EF3E24024EA5790003DBF71 /* Assets.xcassets in Resources */,
				2EF3E23E24EA578F003DBF71 /* Main.storyboard in Resources */,
			);
			runOnlyForDeploymentPostprocessing = 0;
		};
/* End PBXResourcesBuildPhase section */

/* Begin PBXShellScriptBuildPhase section */
		5C481ABB8698733D1D46127A /* [CP] Embed Pods Frameworks */ = {
			isa = PBXShellScriptBuildPhase;
			buildActionMask = 2147483647;
			files = (
			);
			inputFileListPaths = (
				"${PODS_ROOT}/Target Support Files/Pods-LoginSignupFirebase/Pods-LoginSignupFirebase-frameworks-${CONFIGURATION}-input-files.xcfilelist",
			);
			name = "[CP] Embed Pods Frameworks";
			outputFileListPaths = (
				"${PODS_ROOT}/Target Support Files/Pods-LoginSignupFirebase/Pods-LoginSignupFirebase-frameworks-${CONFIGURATION}-output-files.xcfilelist",
			);
			runOnlyForDeploymentPostprocessing = 0;
			shellPath = /bin/sh;
			shellScript = "\"${PODS_ROOT}/Target Support Files/Pods-LoginSignupFirebase/Pods-LoginSignupFirebase-frameworks.sh\"\n";
			showEnvVarsInLog = 0;
		};
		8ABBB3CBF085E2127DF708C4 /* [CP] Check Pods Manifest.lock */ = {
			isa = PBXShellScriptBuildPhase;
			buildActionMask = 2147483647;
			files = (
			);
			inputFileListPaths = (
			);
			inputPaths = (
				"${PODS_PODFILE_DIR_PATH}/Podfile.lock",
				"${PODS_ROOT}/Manifest.lock",
			);
			name = "[CP] Check Pods Manifest.lock";
			outputFileListPaths = (
			);
			outputPaths = (
				"$(DERIVED_FILE_DIR)/Pods-LoginSignupFirebase-checkManifestLockResult.txt",
			);
			runOnlyForDeploymentPostprocessing = 0;
			shellPath = /bin/sh;
			shellScript = "diff \"${PODS_PODFILE_DIR_PATH}/Podfile.lock\" \"${PODS_ROOT}/Manifest.lock\" > /dev/null\nif [ $? != 0 ] ; then\n    # print error to STDERR\n    echo \"error: The sandbox is not in sync with the Podfile.lock. Run 'pod install' or update your CocoaPods installation.\" >&2\n    exit 1\nfi\n# This output is used by Xcode 'outputs' to avoid re-running this script phase.\necho \"SUCCESS\" > \"${SCRIPT_OUTPUT_FILE_0}\"\n";
			showEnvVarsInLog = 0;
		};
/* End PBXShellScriptBuildPhase section */

/* Begin PBXSourcesBuildPhase section */
		2EF3E22F24EA578F003DBF71 /* Sources */ = {
			isa = PBXSourcesBuildPhase;
			buildActionMask = 2147483647;
			files = (
				2EF3E25A24EA5CED003DBF71 /* CustomTextField.swift in Sources */,
				2EF3E25E24EA6BE9003DBF71 /* DividerView.swift in Sources */,
				2EF3E25C24EA5DF5003DBF71 /* AuthButton.swift in Sources */,
				2EF3E25424EA57F5003DBF71 /* HomeController.swift in Sources */,
				2EF3E25824EA591B003DBF71 /* Extensions.swift in Sources */,
				2EF3E23B24EA578F003DBF71 /* ViewController.swift in Sources */,
				2EF3E23724EA578F003DBF71 /* AppDelegate.swift in Sources */,
				2EF3E23924EA578F003DBF71 /* SceneDelegate.swift in Sources */,
				2EF3E26024EA81FA003DBF71 /* RegistrationController.swift in Sources */,
				2EF3E25624EA57FD003DBF71 /* LoginController.swift in Sources */,
			);
			runOnlyForDeploymentPostprocessing = 0;
		};
/* End PBXSourcesBuildPhase section */

/* Begin PBXVariantGroup section */
		2EF3E23C24EA578F003DBF71 /* Main.storyboard */ = {
			isa = PBXVariantGroup;
			children = (
				2EF3E23D24EA578F003DBF71 /* Base */,
			);
			name = Main.storyboard;
			sourceTree = "<group>";
		};
		2EF3E24124EA5790003DBF71 /* LaunchScreen.storyboard */ = {
			isa = PBXVariantGroup;
			children = (
				2EF3E24224EA5790003DBF71 /* Base */,
			);
			name = LaunchScreen.storyboard;
			sourceTree = "<group>";
		};
/* End PBXVariantGroup section */

/* Begin XCBuildConfiguration section */
		2EF3E24524EA5790003DBF71 /* Debug */ = {
			isa = XCBuildConfiguration;
			buildSettings = {
				ALWAYS_SEARCH_USER_PATHS = NO;
				CLANG_ANALYZER_NONNULL = YES;
				CLANG_ANALYZER_NUMBER_OBJECT_CONVERSION = YES_AGGRESSIVE;
				CLANG_CXX_LANGUAGE_STANDARD = "gnu++14";
				CLANG_CXX_LIBRARY = "libc++";
				CLANG_ENABLE_MODULES = YES;
				CLANG_ENABLE_OBJC_ARC = YES;
				CLANG_ENABLE_OBJC_WEAK = YES;
				CLANG_WARN_BLOCK_CAPTURE_AUTORELEASING = YES;
				CLANG_WARN_BOOL_CONVERSION = YES;
				CLANG_WARN_COMMA = YES;
				CLANG_WARN_CONSTANT_CONVERSION = YES;
				CLANG_WARN_DEPRECATED_OBJC_IMPLEMENTATIONS = YES;
				CLANG_WARN_DIRECT_OBJC_ISA_USAGE = YES_ERROR;
				CLANG_WARN_DOCUMENTATION_COMMENTS = YES;
				CLANG_WARN_EMPTY_BODY = YES;
				CLANG_WARN_ENUM_CONVERSION = YES;
				CLANG_WARN_INFINITE_RECURSION = YES;
				CLANG_WARN_INT_CONVERSION = YES;
				CLANG_WARN_NON_LITERAL_NULL_CONVERSION = YES;
				CLANG_WARN_OBJC_IMPLICIT_RETAIN_SELF = YES;
				CLANG_WARN_OBJC_LITERAL_CONVERSION = YES;
				CLANG_WARN_OBJC_ROOT_CLASS = YES_ERROR;
				CLANG_WARN_RANGE_LOOP_ANALYSIS = YES;
				CLANG_WARN_STRICT_PROTOTYPES = YES;
				CLANG_WARN_SUSPICIOUS_MOVE = YES;
				CLANG_WARN_UNGUARDED_AVAILABILITY = YES_AGGRESSIVE;
				CLANG_WARN_UNREACHABLE_CODE = YES;
				CLANG_WARN__DUPLICATE_METHOD_MATCH = YES;
				COPY_PHASE_STRIP = NO;
				DEBUG_INFORMATION_FORMAT = dwarf;
				ENABLE_STRICT_OBJC_MSGSEND = YES;
				ENABLE_TESTABILITY = YES;
				GCC_C_LANGUAGE_STANDARD = gnu11;
				GCC_DYNAMIC_NO_PIC = NO;
				GCC_NO_COMMON_BLOCKS = YES;
				GCC_OPTIMIZATION_LEVEL = 0;
				GCC_PREPROCESSOR_DEFINITIONS = (
					"DEBUG=1",
					"$(inherited)",
				);
				GCC_WARN_64_TO_32_BIT_CONVERSION = YES;
				GCC_WARN_ABOUT_RETURN_TYPE = YES_ERROR;
				GCC_WARN_UNDECLARED_SELECTOR = YES;
				GCC_WARN_UNINITIALIZED_AUTOS = YES_AGGRESSIVE;
				GCC_WARN_UNUSED_FUNCTION = YES;
				GCC_WARN_UNUSED_VARIABLE = YES;
				IPHONEOS_DEPLOYMENT_TARGET = 13.6;
				MTL_ENABLE_DEBUG_INFO = INCLUDE_SOURCE;
				MTL_FAST_MATH = YES;
				ONLY_ACTIVE_ARCH = YES;
				SDKROOT = iphoneos;
				SWIFT_ACTIVE_COMPILATION_CONDITIONS = DEBUG;
				SWIFT_OPTIMIZATION_LEVEL = "-Onone";
			};
			name = Debug;
		};
		2EF3E24624EA5790003DBF71 /* Release */ = {
			isa = XCBuildConfiguration;
			buildSettings = {
				ALWAYS_SEARCH_USER_PATHS = NO;
				CLANG_ANALYZER_NONNULL = YES;
				CLANG_ANALYZER_NUMBER_OBJECT_CONVERSION = YES_AGGRESSIVE;
				CLANG_CXX_LANGUAGE_STANDARD = "gnu++14";
				CLANG_CXX_LIBRARY = "libc++";
				CLANG_ENABLE_MODULES = YES;
				CLANG_ENABLE_OBJC_ARC = YES;
				CLANG_ENABLE_OBJC_WEAK = YES;
				CLANG_WARN_BLOCK_CAPTURE_AUTORELEASING = YES;
				CLANG_WARN_BOOL_CONVERSION = YES;
				CLANG_WARN_COMMA = YES;
				CLANG_WARN_CONSTANT_CONVERSION = YES;
				CLANG_WARN_DEPRECATED_OBJC_IMPLEMENTATIONS = YES;
				CLANG_WARN_DIRECT_OBJC_ISA_USAGE = YES_ERROR;
				CLANG_WARN_DOCUMENTATION_COMMENTS = YES;
				CLANG_WARN_EMPTY_BODY = YES;
				CLANG_WARN_ENUM_CONVERSION = YES;
				CLANG_WARN_INFINITE_RECURSION = YES;
				CLANG_WARN_INT_CONVERSION = YES;
				CLANG_WARN_NON_LITERAL_NULL_CONVERSION = YES;
				CLANG_WARN_OBJC_IMPLICIT_RETAIN_SELF = YES;
				CLANG_WARN_OBJC_LITERAL_CONVERSION = YES;
				CLANG_WARN_OBJC_ROOT_CLASS = YES_ERROR;
				CLANG_WARN_RANGE_LOOP_ANALYSIS = YES;
				CLANG_WARN_STRICT_PROTOTYPES = YES;
				CLANG_WARN_SUSPICIOUS_MOVE = YES;
				CLANG_WARN_UNGUARDED_AVAILABILITY = YES_AGGRESSIVE;
				CLANG_WARN_UNREACHABLE_CODE = YES;
				CLANG_WARN__DUPLICATE_METHOD_MATCH = YES;
				COPY_PHASE_STRIP = NO;
				DEBUG_INFORMATION_FORMAT = "dwarf-with-dsym";
				ENABLE_NS_ASSERTIONS = NO;
				ENABLE_STRICT_OBJC_MSGSEND = YES;
				GCC_C_LANGUAGE_STANDARD = gnu11;
				GCC_NO_COMMON_BLOCKS = YES;
				GCC_WARN_64_TO_32_BIT_CONVERSION = YES;
				GCC_WARN_ABOUT_RETURN_TYPE = YES_ERROR;
				GCC_WARN_UNDECLARED_SELECTOR = YES;
				GCC_WARN_UNINITIALIZED_AUTOS = YES_AGGRESSIVE;
				GCC_WARN_UNUSED_FUNCTION = YES;
				GCC_WARN_UNUSED_VARIABLE = YES;
				IPHONEOS_DEPLOYMENT_TARGET = 13.6;
				MTL_ENABLE_DEBUG_INFO = NO;
				MTL_FAST_MATH = YES;
				SDKROOT = iphoneos;
				SWIFT_COMPILATION_MODE = wholemodule;
				SWIFT_OPTIMIZATION_LEVEL = "-O";
				VALIDATE_PRODUCT = YES;
			};
			name = Release;
		};
		2EF3E24824EA5790003DBF71 /* Debug */ = {
			isa = XCBuildConfiguration;
			baseConfigurationReference = 96546C5264327F0D38F94881 /* Pods-LoginSignupFirebase.debug.xcconfig */;
			buildSettings = {
				ASSETCATALOG_COMPILER_APPICON_NAME = AppIcon;
				CODE_SIGN_STYLE = Automatic;
				DEVELOPMENT_TEAM = Z9N8ZU49CZ;
				INFOPLIST_FILE = LoginSignupFirebase/Info.plist;
				LD_RUNPATH_SEARCH_PATHS = (
					"$(inherited)",
					"@executable_path/Frameworks",
				);
				PRODUCT_BUNDLE_IDENTIFIER = com.buraktuncdev.LoginSignupFirebase;
				PRODUCT_NAME = "$(TARGET_NAME)";
				SWIFT_VERSION = 5.0;
				TARGETED_DEVICE_FAMILY = "1,2";
			};
			name = Debug;
		};
		2EF3E24924EA5790003DBF71 /* Release */ = {
			isa = XCBuildConfiguration;
			baseConfigurationReference = F233995E752744F4351F49DC /* Pods-LoginSignupFirebase.release.xcconfig */;
			buildSettings = {
				ASSETCATALOG_COMPILER_APPICON_NAME = AppIcon;
				CODE_SIGN_STYLE = Automatic;
				DEVELOPMENT_TEAM = Z9N8ZU49CZ;
				INFOPLIST_FILE = LoginSignupFirebase/Info.plist;
				LD_RUNPATH_SEARCH_PATHS = (
					"$(inherited)",
					"@executable_path/Frameworks",
				);
				PRODUCT_BUNDLE_IDENTIFIER = com.buraktuncdev.LoginSignupFirebase;
				PRODUCT_NAME = "$(TARGET_NAME)";
				SWIFT_VERSION = 5.0;
				TARGETED_DEVICE_FAMILY = "1,2";
			};
			name = Release;
		};
/* End XCBuildConfiguration section */

/* Begin XCConfigurationList section */
		2EF3E22E24EA578F003DBF71 /* Build configuration list for PBXProject "LoginSignupFirebase" */ = {
			isa = XCConfigurationList;
			buildConfigurations = (
				2EF3E24524EA5790003DBF71 /* Debug */,
				2EF3E24624EA5790003DBF71 /* Release */,
			);
			defaultConfigurationIsVisible = 0;
			defaultConfigurationName = Release;
		};
		2EF3E24724EA5790003DBF71 /* Build configuration list for PBXNativeTarget "LoginSignupFirebase" */ = {
			isa = XCConfigurationList;
			buildConfigurations = (
				2EF3E24824EA5790003DBF71 /* Debug */,
				2EF3E24924EA5790003DBF71 /* Release */,
			);
			defaultConfigurationIsVisible = 0;
			defaultConfigurationName = Release;
		};
/* End XCConfigurationList section */
	};
	rootObject = 2EF3E22B24EA578F003DBF71 /* Project object */;
}
